
Microsoft Visual Studio Solution File, Format Version 12.00
# Visual Studio 15
VisualStudioVersion = 15.0.27130.2027
MinimumVisualStudioVersion = 10.0.40219.1
Project("{FAE04EC0-301F-11D3-BF4B-00C04F79EFBC}") = "msystem", "msystem\msystem.csproj", "{609EC72A-054F-43D9-9F3F-9A5B6A9C071F}"
EndProject
Global
	GlobalSection(SolutionConfigurationPlatforms) = preSolution
		Debug|Any CPU = Debug|Any CPU
		Release|Any CPU = Release|Any CPU
	EndGlobalSection
	GlobalSection(ProjectConfigurationPlatforms) = postSolution
		{609EC72A-054F-43D9-9F3F-9A5B6A9C071F}.Debug|Any CPU.ActiveCfg = Debug|Any CPU
		{609EC72A-054F-43D9-9F3F-9A5B6A9C071F}.Debug|Any CPU.Build.0 = Debug|Any CPU
		{609EC72A-054F-43D9-9F3F-9A5B6A9C071F}.Release|Any CPU.ActiveCfg = Release|Any CPU
		{609EC72A-054F-43D9-9F3F-9A5B6A9C071F}.Release|Any CPU.Build.0 = Release|Any CPU
	EndGlobalSection
	GlobalSection(SolutionProperties) = preSolution
		HideSolutionNode = FALSE
	EndGlobalSection
	GlobalSection(ExtensibilityGlobals) = postSolution
		SolutionGuid = {08B79BCB-4944-4E8C-B4C8-97F59EEC720F}
	EndGlobalSection
EndGlobal
